
Microsoft Visual Studio Solution File, Format Version 12.00
# Visual Studio Version 16
VisualStudioVersion = 16.0.31829.152
MinimumVisualStudioVersion = 10.0.40219.1
Project("{FAE04EC0-301F-11D3-BF4B-00C04F79EFBC}") = "CodingExam.WebAPI", "CodingExam.WebAPI\CodingExam.WebAPI.csproj", "{4E45DA2D-33B0-4F77-81D7-E20FE6CD1DEC}"
EndProject
Project("{FAE04EC0-301F-11D3-BF4B-00C04F79EFBC}") = "CodingExam.Infrastructure", "CodingExam.Infrastructure\CodingExam.Infrastructure.csproj", "{02EE713F-13B2-4AE5-8C96-986471FD7F50}"
EndProject
Project("{FAE04EC0-301F-11D3-BF4B-00C04F79EFBC}") = "CodingExam.Domain", "CodingExam.Domain\CodingExam.Domain.csproj", "{F7E36F04-338A-4CA6-A0EE-91D1167AE19E}"
EndProject
Global
	GlobalSection(SolutionConfigurationPlatforms) = preSolution
		Debug|Any CPU = Debug|Any CPU
		Release|Any CPU = Release|Any CPU
	EndGlobalSection
	GlobalSection(ProjectConfigurationPlatforms) = postSolution
		{4E45DA2D-33B0-4F77-81D7-E20FE6CD1DEC}.Debug|Any CPU.ActiveCfg = Debug|Any CPU
		{4E45DA2D-33B0-4F77-81D7-E20FE6CD1DEC}.Debug|Any CPU.Build.0 = Debug|Any CPU
		{4E45DA2D-33B0-4F77-81D7-E20FE6CD1DEC}.Release|Any CPU.ActiveCfg = Release|Any CPU
		{4E45DA2D-33B0-4F77-81D7-E20FE6CD1DEC}.Release|Any CPU.Build.0 = Release|Any CPU
		{02EE713F-13B2-4AE5-8C96-986471FD7F50}.Debug|Any CPU.ActiveCfg = Debug|Any CPU
		{02EE713F-13B2-4AE5-8C96-986471FD7F50}.Debug|Any CPU.Build.0 = Debug|Any CPU
		{02EE713F-13B2-4AE5-8C96-986471FD7F50}.Release|Any CPU.ActiveCfg = Release|Any CPU
		{02EE713F-13B2-4AE5-8C96-986471FD7F50}.Release|Any CPU.Build.0 = Release|Any CPU
		{F7E36F04-338A-4CA6-A0EE-91D1167AE19E}.Debug|Any CPU.ActiveCfg = Debug|Any CPU
		{F7E36F04-338A-4CA6-A0EE-91D1167AE19E}.Debug|Any CPU.Build.0 = Debug|Any CPU
		{F7E36F04-338A-4CA6-A0EE-91D1167AE19E}.Release|Any CPU.ActiveCfg = Release|Any CPU
		{F7E36F04-338A-4CA6-A0EE-91D1167AE19E}.Release|Any CPU.Build.0 = Release|Any CPU
	EndGlobalSection
	GlobalSection(SolutionProperties) = preSolution
		HideSolutionNode = FALSE
	EndGlobalSection
	GlobalSection(ExtensibilityGlobals) = postSolution
		SolutionGuid = {84090B24-0ED5-4FEF-BE65-448524E6053D}
	EndGlobalSection
EndGlobal
